// !$*UTF8*$!
{
	archiveVersion = 1;
	classes = {
	};
	objectVersion = 54;
	objects = {

/* Begin PBXBuildFile section */
		00E356F31AD99517003FC87E /* TrainingAppTests.m in Sources */ = {isa = PBXBuildFile; fileRef = 00E356F21AD99517003FC87E /* TrainingAppTests.m */; };
		0C80B921A6F3F58F76C31292 /* libPods-TrainingApp.a in Frameworks */ = {isa = PBXBuildFile; fileRef = 5DCACB8F33CDC322A6C60F78 /* libPods-TrainingApp.a */; };
		13B07FBC1A68108700A75B9A /* AppDelegate.mm in Sources */ = {isa = PBXBuildFile; fileRef = 13B07FB01A68108700A75B9A /* AppDelegate.mm */; };
		13B07FBF1A68108700A75B9A /* Images.xcassets in Resources */ = {isa = PBXBuildFile; fileRef = 13B07FB51A68108700A75B9A /* Images.xcassets */; };
		13B07FC11A68108700A75B9A /* main.m in Sources */ = {isa = PBXBuildFile; fileRef = 13B07FB71A68108700A75B9A /* main.m */; };
		7699B88040F8A987B510C191 /* libPods-TrainingApp-TrainingAppTests.a in Frameworks */ = {isa = PBXBuildFile; fileRef = 19F6CBCC0A4E27FBF8BF4A61 /* libPods-TrainingApp-TrainingAppTests.a */; };
		81AB9BB82411601600AC10FF /* LaunchScreen.storyboard in Resources */ = {isa = PBXBuildFile; fileRef = 81AB9BB72411601600AC10FF /* LaunchScreen.storyboard */; };
		DF5D797B9DAD4A399717B32E /* Poppins-Black.ttf in Resources */ = {isa = PBXBuildFile; fileRef = 5D788810CFC847EFB6E6AA63 /* Poppins-Black.ttf */; };
		A4D989296E2D441DBED802B7 /* Poppins-BlackItalic.ttf in Resources */ = {isa = PBXBuildFile; fileRef = 360DEEE6C3304A36B9F8E17F /* Poppins-BlackItalic.ttf */; };
		5A577243CE3944ECA5B6BA34 /* Poppins-Bold.ttf in Resources */ = {isa = PBXBuildFile; fileRef = 293E93EDD823439D9D588360 /* Poppins-Bold.ttf */; };
		15D4F7FEF156493CA4474120 /* Poppins-BoldItalic.ttf in Resources */ = {isa = PBXBuildFile; fileRef = 9E0DAFD6E2F04EDE8B8CC6E3 /* Poppins-BoldItalic.ttf */; };
		41AE86B9DFB14F22A0AF8A8F /* Poppins-ExtraBold.ttf in Resources */ = {isa = PBXBuildFile; fileRef = 6DDD8D8FA02A4253A4F298CE /* Poppins-ExtraBold.ttf */; };
		F5BE9E71F41E4EFE8EB15148 /* Poppins-ExtraBoldItalic.ttf in Resources */ = {isa = PBXBuildFile; fileRef = 70B458E982E246839FFBF663 /* Poppins-ExtraBoldItalic.ttf */; };
		794E6EDE131F4711BA6EE0B8 /* Poppins-ExtraLight.ttf in Resources */ = {isa = PBXBuildFile; fileRef = E7657A3381F245E390680C48 /* Poppins-ExtraLight.ttf */; };
		85D37ECC67A04CBCBEDB8D21 /* Poppins-ExtraLightItalic.ttf in Resources */ = {isa = PBXBuildFile; fileRef = 80DCC6874CFE44C68C282E55 /* Poppins-ExtraLightItalic.ttf */; };
		CC68116648A945C6B132A844 /* Poppins-Italic.ttf in Resources */ = {isa = PBXBuildFile; fileRef = B5CE755BC8214F62AB585F6F /* Poppins-Italic.ttf */; };
		F367A24882174D62804A28E6 /* Poppins-Light.ttf in Resources */ = {isa = PBXBuildFile; fileRef = B5E097389584416B8D55525C /* Poppins-Light.ttf */; };
		8DDE0901A5FC4B68AAB9646D /* Poppins-LightItalic.ttf in Resources */ = {isa = PBXBuildFile; fileRef = 725B65B1D0B449628FB06377 /* Poppins-LightItalic.ttf */; };
		CCB9009C06924C4E9271A9A4 /* Poppins-Medium.ttf in Resources */ = {isa = PBXBuildFile; fileRef = 6E461F5D675246DE91883D37 /* Poppins-Medium.ttf */; };
		05C4F0FA90434C15B8110DFE /* Poppins-MediumItalic.ttf in Resources */ = {isa = PBXBuildFile; fileRef = 4868E9F1CABD4FA382B614CE /* Poppins-MediumItalic.ttf */; };
		2E22C3F96EAC4E2DA3C83521 /* Poppins-Regular.ttf in Resources */ = {isa = PBXBuildFile; fileRef = 3A61A4C25D2445E8BE144FC1 /* Poppins-Regular.ttf */; };
		798878D132E44ADFAE84C530 /* Poppins-SemiBold.ttf in Resources */ = {isa = PBXBuildFile; fileRef = BC71F29D913A446F97EE6A80 /* Poppins-SemiBold.ttf */; };
		0016612FC08149CF8050E509 /* Poppins-SemiBoldItalic.ttf in Resources */ = {isa = PBXBuildFile; fileRef = 616D49880B4940788D14A985 /* Poppins-SemiBoldItalic.ttf */; };
		47A293726B664FFEBC8CF659 /* Poppins-Thin.ttf in Resources */ = {isa = PBXBuildFile; fileRef = 4E0E5D4E673844728EC17B41 /* Poppins-Thin.ttf */; };
		D503E015CE62448DB26DFEF3 /* Poppins-ThinItalic.ttf in Resources */ = {isa = PBXBuildFile; fileRef = 374E575FB2F6483684E16ACA /* Poppins-ThinItalic.ttf */; };
		F8D7AB63CD5A4C65BAC429C6 /* Gilroy-Black.ttf in Resources */ = {isa = PBXBuildFile; fileRef = 5291762BB54444768EC7DB8A /* Gilroy-Black.ttf */; };
		D806FFD004194C83A1719748 /* Gilroy-BlackItalic.ttf in Resources */ = {isa = PBXBuildFile; fileRef = FCB547D8E28547CAB27F9C4D /* Gilroy-BlackItalic.ttf */; };
		C99CD1A979D04A609FDC26B4 /* Gilroy-Bold.ttf in Resources */ = {isa = PBXBuildFile; fileRef = 78C419587EF049F38D9973CF /* Gilroy-Bold.ttf */; };
		102CABF46B124F03A9670714 /* Gilroy-BoldItalic.ttf in Resources */ = {isa = PBXBuildFile; fileRef = D9C832239B774C67895504EB /* Gilroy-BoldItalic.ttf */; };
		E522DD89E9B649A48BE565BD /* Gilroy-ExtraBold.ttf in Resources */ = {isa = PBXBuildFile; fileRef = 633D317356AE48159E8601BD /* Gilroy-ExtraBold.ttf */; };
		63E362B2F8E04D9CBC67D657 /* Gilroy-ExtraBoldItalic.ttf in Resources */ = {isa = PBXBuildFile; fileRef = 6F9D32C6B38E40A9AD173EAB /* Gilroy-ExtraBoldItalic.ttf */; };
		62B73BECFF654B23AEBDA48D /* Gilroy-Heavy.ttf in Resources */ = {isa = PBXBuildFile; fileRef = E0C978CFE3DA46DD97B29370 /* Gilroy-Heavy.ttf */; };
		D7A0A6A902FB402FBE777FB4 /* Gilroy-HeavyItalic.ttf in Resources */ = {isa = PBXBuildFile; fileRef = 8836C3B821CD49C7873B1C62 /* Gilroy-HeavyItalic.ttf */; };
		E1A2F8D863F548ECAEAC6BA8 /* Gilroy-Light.ttf in Resources */ = {isa = PBXBuildFile; fileRef = 7D4494A5D7264A929B0E00E0 /* Gilroy-Light.ttf */; };
		45F0B97ED8F24B33A86FEF85 /* Gilroy-LightItalic.ttf in Resources */ = {isa = PBXBuildFile; fileRef = 36C32DD7693945DF9F820ACE /* Gilroy-LightItalic.ttf */; };
		53B40A40A8874C99B0203A32 /* Gilroy-Medium.ttf in Resources */ = {isa = PBXBuildFile; fileRef = D6A6B05BCDA041D5B9850A24 /* Gilroy-Medium.ttf */; };
		A40DB855C2A443298E2A90AC /* Gilroy-MediumItalic.ttf in Resources */ = {isa = PBXBuildFile; fileRef = 6179D4314D1B48B6AD3EABCF /* Gilroy-MediumItalic.ttf */; };
		80483F4987AE4B659DF590BC /* Gilroy-Regular.ttf in Resources */ = {isa = PBXBuildFile; fileRef = 7D7CCF9A3C6246CAB631C67C /* Gilroy-Regular.ttf */; };
		5D5E2288741149EFB8E43DCC /* Gilroy-RegularItalic.ttf in Resources */ = {isa = PBXBuildFile; fileRef = 6DAF75B004CB49709000088C /* Gilroy-RegularItalic.ttf */; };
		74E07314CE1D439C8CB87F06 /* Gilroy-SemiBold.ttf in Resources */ = {isa = PBXBuildFile; fileRef = 38BBF266E52C497A831294C2 /* Gilroy-SemiBold.ttf */; };
		C2C8BE6101B74B8D84DEDF95 /* Gilroy-SemiBoldItalic.ttf in Resources */ = {isa = PBXBuildFile; fileRef = 745F223ACAB347AABB5FCAED /* Gilroy-SemiBoldItalic.ttf */; };
		C26E6490A65543D992F57879 /* Gilroy-Thin.ttf in Resources */ = {isa = PBXBuildFile; fileRef = 692EC9D331EA476382F24BD0 /* Gilroy-Thin.ttf */; };
		83CEF721EC4B44EEA1890195 /* Gilroy-ThinItalic.ttf in Resources */ = {isa = PBXBuildFile; fileRef = 99ADC03577E64BFF81A6A866 /* Gilroy-ThinItalic.ttf */; };
		AEC5DB0E2806425CB16E348C /* Gilroy-UltraLight.ttf in Resources */ = {isa = PBXBuildFile; fileRef = 1052FB95AA244747B3402347 /* Gilroy-UltraLight.ttf */; };
		9628DFE7CA1B477A84F705AC /* Gilroy-UltraLightItalic.ttf in Resources */ = {isa = PBXBuildFile; fileRef = 8C196A0FBC104A7480E256C5 /* Gilroy-UltraLightItalic.ttf */; };
		D11F5A6B684A4BF8801FE1F4 /* Metropolis-Black.otf in Resources */ = {isa = PBXBuildFile; fileRef = 3F68D91AAC384323B7AC9A11 /* Metropolis-Black.otf */; };
		6664FF3866F24AE1BBFF939D /* Metropolis-BlackItalic.otf in Resources */ = {isa = PBXBuildFile; fileRef = EE81D97BBD994B0A93BEDEFA /* Metropolis-BlackItalic.otf */; };
		53A244037A074C5086BCFD47 /* Metropolis-Bold.otf in Resources */ = {isa = PBXBuildFile; fileRef = 231EF1133E55471BBF46AC90 /* Metropolis-Bold.otf */; };
		348188DE10574921B9ABFCF5 /* Metropolis-BoldItalic.otf in Resources */ = {isa = PBXBuildFile; fileRef = 38B0F0AD04EC4923BEB4E0E4 /* Metropolis-BoldItalic.otf */; };
		8B0B9E58BB2441C4BD2CA2F1 /* Metropolis-ExtraBold.otf in Resources */ = {isa = PBXBuildFile; fileRef = B07BA97527B44B8F9AF9BC29 /* Metropolis-ExtraBold.otf */; };
		809D027AC458403291C16FA1 /* Metropolis-ExtraBoldItalic.otf in Resources */ = {isa = PBXBuildFile; fileRef = 9FA34C87F83843D890C23B40 /* Metropolis-ExtraBoldItalic.otf */; };
		F0472BDF164C47EC9545F60F /* Metropolis-ExtraLight.otf in Resources */ = {isa = PBXBuildFile; fileRef = B8B470811F11406F9BC379A8 /* Metropolis-ExtraLight.otf */; };
		EA1C75C888A84640810F38E6 /* Metropolis-ExtraLightItalic.otf in Resources */ = {isa = PBXBuildFile; fileRef = B3E091791362424C956ADD75 /* Metropolis-ExtraLightItalic.otf */; };
		FA83C2BE503744938F2C6AC1 /* Metropolis-Light.otf in Resources */ = {isa = PBXBuildFile; fileRef = 14E0E2AA22354CBA8FB49126 /* Metropolis-Light.otf */; };
		31306E8333C349FCBB50C7DF /* Metropolis-LightItalic.otf in Resources */ = {isa = PBXBuildFile; fileRef = 674FC761E37442999E151D97 /* Metropolis-LightItalic.otf */; };
		39390EB4E52E4A96BE0C4E4B /* Metropolis-Medium.otf in Resources */ = {isa = PBXBuildFile; fileRef = 35A8315A0CAB461F92BD7466 /* Metropolis-Medium.otf */; };
		0C3426B8E3974411B2DF7944 /* Metropolis-MediumItalic.otf in Resources */ = {isa = PBXBuildFile; fileRef = 7186ACE3EF054CDFB5A83FA9 /* Metropolis-MediumItalic.otf */; };
		9EE099FBD98F4C88B390655C /* Metropolis-Regular.otf in Resources */ = {isa = PBXBuildFile; fileRef = 95B1D1954AB74462AB5152E7 /* Metropolis-Regular.otf */; };
		B80CBB045AF94E4BB05C3E0D /* Metropolis-RegularItalic.otf in Resources */ = {isa = PBXBuildFile; fileRef = 89E86B2F47D245EEAB0208C0 /* Metropolis-RegularItalic.otf */; };
		31B5503D524445B182E02B97 /* Metropolis-SemiBold.otf in Resources */ = {isa = PBXBuildFile; fileRef = 06879E2346A4462E8CD51B5E /* Metropolis-SemiBold.otf */; };
		1E19102EC96B4C1490507510 /* Metropolis-SemiBoldItalic.otf in Resources */ = {isa = PBXBuildFile; fileRef = 06D3336526784B9097D16ED0 /* Metropolis-SemiBoldItalic.otf */; };
		187B24DD80C34024BA884A03 /* Metropolis-Thin.otf in Resources */ = {isa = PBXBuildFile; fileRef = 08B21DF0E534440790474594 /* Metropolis-Thin.otf */; };
		CE431710BA7C4106B7ACA5B3 /* Metropolis-ThinItalic.otf in Resources */ = {isa = PBXBuildFile; fileRef = 18651348E3B847E9B17C4DE0 /* Metropolis-ThinItalic.otf */; };
		0CEF5C4DEB704604B4ACFEC0 /* Nunito-Black.ttf in Resources */ = {isa = PBXBuildFile; fileRef = 93196205CDAF4E01A2E8CC19 /* Nunito-Black.ttf */; };
		ED9127D0ED3C409E9A6F4D35 /* Nunito-BlackItalic.ttf in Resources */ = {isa = PBXBuildFile; fileRef = 7690A7C08C4B4F1B97AFDFE2 /* Nunito-BlackItalic.ttf */; };
		E090AE8F9DB9430499C03DC6 /* Nunito-Bold.ttf in Resources */ = {isa = PBXBuildFile; fileRef = F4E741927BD5409096AC1A05 /* Nunito-Bold.ttf */; };
		034ED143341E48E6A50017B5 /* Nunito-BoldItalic.ttf in Resources */ = {isa = PBXBuildFile; fileRef = 44A56E8A55FC421C91B7B435 /* Nunito-BoldItalic.ttf */; };
		C47C5559140C44D0A2FAB07A /* Nunito-ExtraBold.ttf in Resources */ = {isa = PBXBuildFile; fileRef = 34047B89A51D4E8F9AFE821B /* Nunito-ExtraBold.ttf */; };
		EE2688306B4A4592B9270E5C /* Nunito-ExtraBoldItalic.ttf in Resources */ = {isa = PBXBuildFile; fileRef = BE9AEEAC4E54491A9708C55E /* Nunito-ExtraBoldItalic.ttf */; };
		1A39752C3E8342C6A155DFB2 /* Nunito-ExtraLight.ttf in Resources */ = {isa = PBXBuildFile; fileRef = C45ACBC51E314F89A3F8A6F6 /* Nunito-ExtraLight.ttf */; };
		5302A4E7D33441B297F21568 /* Nunito-ExtraLightItalic.ttf in Resources */ = {isa = PBXBuildFile; fileRef = 18C707485368457BBF4392B3 /* Nunito-ExtraLightItalic.ttf */; };
		6F1D0C5753404FADAAAC43AF /* Nunito-Italic.ttf in Resources */ = {isa = PBXBuildFile; fileRef = 58A4CB05667045A2A780526A /* Nunito-Italic.ttf */; };
		9CE88B32437D41EC9B55356E /* Nunito-Light.ttf in Resources */ = {isa = PBXBuildFile; fileRef = 1017B9DD605F474590048524 /* Nunito-Light.ttf */; };
		EC62CD16AE8E479A8E52FC6B /* Nunito-LightItalic.ttf in Resources */ = {isa = PBXBuildFile; fileRef = 7C61BE7D8DC14B88B171F044 /* Nunito-LightItalic.ttf */; };
		3785DD8135084127AC87BEE6 /* Nunito-Medium.ttf in Resources */ = {isa = PBXBuildFile; fileRef = C193E5D0248E4DA0820824A0 /* Nunito-Medium.ttf */; };
		1893994951EC4AFDAC2E422A /* Nunito-MediumItalic.ttf in Resources */ = {isa = PBXBuildFile; fileRef = 010232C6F23E455AA996CCCA /* Nunito-MediumItalic.ttf */; };
		B56D03AD6A544D75AFF05A50 /* Nunito-Regular.ttf in Resources */ = {isa = PBXBuildFile; fileRef = 360304AC4FDC40399E348E97 /* Nunito-Regular.ttf */; };
		0D47ACC8A9AC451A8DD629D7 /* Nunito-SemiBold.ttf in Resources */ = {isa = PBXBuildFile; fileRef = AFF04F048D6D462EA51E8CB5 /* Nunito-SemiBold.ttf */; };
		5DCC6A48CECE434C8DBC4F9E /* Nunito-SemiBoldItalic.ttf in Resources */ = {isa = PBXBuildFile; fileRef = 39BBC3C3572F464A935C65CB /* Nunito-SemiBoldItalic.ttf */; };
/* End PBXBuildFile section */

/* Begin PBXContainerItemProxy section */
		00E356F41AD99517003FC87E /* PBXContainerItemProxy */ = {
			isa = PBXContainerItemProxy;
			containerPortal = 83CBB9F71A601CBA00E9B192 /* Project object */;
			proxyType = 1;
			remoteGlobalIDString = 13B07F861A680F5B00A75B9A;
			remoteInfo = TrainingApp;
		};
/* End PBXContainerItemProxy section */

/* Begin PBXFileReference section */
		00E356EE1AD99517003FC87E /* TrainingAppTests.xctest */ = {isa = PBXFileReference; explicitFileType = wrapper.cfbundle; includeInIndex = 0; path = TrainingAppTests.xctest; sourceTree = BUILT_PRODUCTS_DIR; };
		00E356F11AD99517003FC87E /* Info.plist */ = {isa = PBXFileReference; lastKnownFileType = text.plist.xml; path = Info.plist; sourceTree = "<group>"; };
		00E356F21AD99517003FC87E /* TrainingAppTests.m */ = {isa = PBXFileReference; lastKnownFileType = sourcecode.c.objc; path = TrainingAppTests.m; sourceTree = "<group>"; };
		13B07F961A680F5B00A75B9A /* TrainingApp.app */ = {isa = PBXFileReference; explicitFileType = wrapper.application; includeInIndex = 0; path = TrainingApp.app; sourceTree = BUILT_PRODUCTS_DIR; };
		13B07FAF1A68108700A75B9A /* AppDelegate.h */ = {isa = PBXFileReference; fileEncoding = 4; lastKnownFileType = sourcecode.c.h; name = AppDelegate.h; path = TrainingApp/AppDelegate.h; sourceTree = "<group>"; };
		13B07FB01A68108700A75B9A /* AppDelegate.mm */ = {isa = PBXFileReference; fileEncoding = 4; lastKnownFileType = sourcecode.cpp.objcpp; name = AppDelegate.mm; path = TrainingApp/AppDelegate.mm; sourceTree = "<group>"; };
		13B07FB51A68108700A75B9A /* Images.xcassets */ = {isa = PBXFileReference; lastKnownFileType = folder.assetcatalog; name = Images.xcassets; path = TrainingApp/Images.xcassets; sourceTree = "<group>"; };
		13B07FB61A68108700A75B9A /* Info.plist */ = {isa = PBXFileReference; fileEncoding = 4; lastKnownFileType = text.plist.xml; name = Info.plist; path = TrainingApp/Info.plist; sourceTree = "<group>"; };
		13B07FB71A68108700A75B9A /* main.m */ = {isa = PBXFileReference; fileEncoding = 4; lastKnownFileType = sourcecode.c.objc; name = main.m; path = TrainingApp/main.m; sourceTree = "<group>"; };
		19F6CBCC0A4E27FBF8BF4A61 /* libPods-TrainingApp-TrainingAppTests.a */ = {isa = PBXFileReference; explicitFileType = archive.ar; includeInIndex = 0; path = "libPods-TrainingApp-TrainingAppTests.a"; sourceTree = BUILT_PRODUCTS_DIR; };
		3B4392A12AC88292D35C810B /* Pods-TrainingApp.debug.xcconfig */ = {isa = PBXFileReference; includeInIndex = 1; lastKnownFileType = text.xcconfig; name = "Pods-TrainingApp.debug.xcconfig"; path = "Target Support Files/Pods-TrainingApp/Pods-TrainingApp.debug.xcconfig"; sourceTree = "<group>"; };
		5709B34CF0A7D63546082F79 /* Pods-TrainingApp.release.xcconfig */ = {isa = PBXFileReference; includeInIndex = 1; lastKnownFileType = text.xcconfig; name = "Pods-TrainingApp.release.xcconfig"; path = "Target Support Files/Pods-TrainingApp/Pods-TrainingApp.release.xcconfig"; sourceTree = "<group>"; };
		5B7EB9410499542E8C5724F5 /* Pods-TrainingApp-TrainingAppTests.debug.xcconfig */ = {isa = PBXFileReference; includeInIndex = 1; lastKnownFileType = text.xcconfig; name = "Pods-TrainingApp-TrainingAppTests.debug.xcconfig"; path = "Target Support Files/Pods-TrainingApp-TrainingAppTests/Pods-TrainingApp-TrainingAppTests.debug.xcconfig"; sourceTree = "<group>"; };
		5DCACB8F33CDC322A6C60F78 /* libPods-TrainingApp.a */ = {isa = PBXFileReference; explicitFileType = archive.ar; includeInIndex = 0; path = "libPods-TrainingApp.a"; sourceTree = BUILT_PRODUCTS_DIR; };
		81AB9BB72411601600AC10FF /* LaunchScreen.storyboard */ = {isa = PBXFileReference; fileEncoding = 4; lastKnownFileType = file.storyboard; name = LaunchScreen.storyboard; path = TrainingApp/LaunchScreen.storyboard; sourceTree = "<group>"; };
		89C6BE57DB24E9ADA2F236DE /* Pods-TrainingApp-TrainingAppTests.release.xcconfig */ = {isa = PBXFileReference; includeInIndex = 1; lastKnownFileType = text.xcconfig; name = "Pods-TrainingApp-TrainingAppTests.release.xcconfig"; path = "Target Support Files/Pods-TrainingApp-TrainingAppTests/Pods-TrainingApp-TrainingAppTests.release.xcconfig"; sourceTree = "<group>"; };
		ED297162215061F000B7C4FE /* JavaScriptCore.framework */ = {isa = PBXFileReference; lastKnownFileType = wrapper.framework; name = JavaScriptCore.framework; path = System/Library/Frameworks/JavaScriptCore.framework; sourceTree = SDKROOT; };
		5D788810CFC847EFB6E6AA63 /* Poppins-Black.ttf */ = {isa = PBXFileReference; name = "Poppins-Black.ttf"; path = "../assets/fonts/Poppins-Black.ttf"; sourceTree = "<group>"; fileEncoding = undefined; lastKnownFileType = unknown; explicitFileType = undefined; includeInIndex = 0; };
		360DEEE6C3304A36B9F8E17F /* Poppins-BlackItalic.ttf */ = {isa = PBXFileReference; name = "Poppins-BlackItalic.ttf"; path = "../assets/fonts/Poppins-BlackItalic.ttf"; sourceTree = "<group>"; fileEncoding = undefined; lastKnownFileType = unknown; explicitFileType = undefined; includeInIndex = 0; };
		293E93EDD823439D9D588360 /* Poppins-Bold.ttf */ = {isa = PBXFileReference; name = "Poppins-Bold.ttf"; path = "../assets/fonts/Poppins-Bold.ttf"; sourceTree = "<group>"; fileEncoding = undefined; lastKnownFileType = unknown; explicitFileType = undefined; includeInIndex = 0; };
		9E0DAFD6E2F04EDE8B8CC6E3 /* Poppins-BoldItalic.ttf */ = {isa = PBXFileReference; name = "Poppins-BoldItalic.ttf"; path = "../assets/fonts/Poppins-BoldItalic.ttf"; sourceTree = "<group>"; fileEncoding = undefined; lastKnownFileType = unknown; explicitFileType = undefined; includeInIndex = 0; };
		6DDD8D8FA02A4253A4F298CE /* Poppins-ExtraBold.ttf */ = {isa = PBXFileReference; name = "Poppins-ExtraBold.ttf"; path = "../assets/fonts/Poppins-ExtraBold.ttf"; sourceTree = "<group>"; fileEncoding = undefined; lastKnownFileType = unknown; explicitFileType = undefined; includeInIndex = 0; };
		70B458E982E246839FFBF663 /* Poppins-ExtraBoldItalic.ttf */ = {isa = PBXFileReference; name = "Poppins-ExtraBoldItalic.ttf"; path = "../assets/fonts/Poppins-ExtraBoldItalic.ttf"; sourceTree = "<group>"; fileEncoding = undefined; lastKnownFileType = unknown; explicitFileType = undefined; includeInIndex = 0; };
		E7657A3381F245E390680C48 /* Poppins-ExtraLight.ttf */ = {isa = PBXFileReference; name = "Poppins-ExtraLight.ttf"; path = "../assets/fonts/Poppins-ExtraLight.ttf"; sourceTree = "<group>"; fileEncoding = undefined; lastKnownFileType = unknown; explicitFileType = undefined; includeInIndex = 0; };
		80DCC6874CFE44C68C282E55 /* Poppins-ExtraLightItalic.ttf */ = {isa = PBXFileReference; name = "Poppins-ExtraLightItalic.ttf"; path = "../assets/fonts/Poppins-ExtraLightItalic.ttf"; sourceTree = "<group>"; fileEncoding = undefined; lastKnownFileType = unknown; explicitFileType = undefined; includeInIndex = 0; };
		B5CE755BC8214F62AB585F6F /* Poppins-Italic.ttf */ = {isa = PBXFileReference; name = "Poppins-Italic.ttf"; path = "../assets/fonts/Poppins-Italic.ttf"; sourceTree = "<group>"; fileEncoding = undefined; lastKnownFileType = unknown; explicitFileType = undefined; includeInIndex = 0; };
		B5E097389584416B8D55525C /* Poppins-Light.ttf */ = {isa = PBXFileReference; name = "Poppins-Light.ttf"; path = "../assets/fonts/Poppins-Light.ttf"; sourceTree = "<group>"; fileEncoding = undefined; lastKnownFileType = unknown; explicitFileType = undefined; includeInIndex = 0; };
		725B65B1D0B449628FB06377 /* Poppins-LightItalic.ttf */ = {isa = PBXFileReference; name = "Poppins-LightItalic.ttf"; path = "../assets/fonts/Poppins-LightItalic.ttf"; sourceTree = "<group>"; fileEncoding = undefined; lastKnownFileType = unknown; explicitFileType = undefined; includeInIndex = 0; };
		6E461F5D675246DE91883D37 /* Poppins-Medium.ttf */ = {isa = PBXFileReference; name = "Poppins-Medium.ttf"; path = "../assets/fonts/Poppins-Medium.ttf"; sourceTree = "<group>"; fileEncoding = undefined; lastKnownFileType = unknown; explicitFileType = undefined; includeInIndex = 0; };
		4868E9F1CABD4FA382B614CE /* Poppins-MediumItalic.ttf */ = {isa = PBXFileReference; name = "Poppins-MediumItalic.ttf"; path = "../assets/fonts/Poppins-MediumItalic.ttf"; sourceTree = "<group>"; fileEncoding = undefined; lastKnownFileType = unknown; explicitFileType = undefined; includeInIndex = 0; };
		3A61A4C25D2445E8BE144FC1 /* Poppins-Regular.ttf */ = {isa = PBXFileReference; name = "Poppins-Regular.ttf"; path = "../assets/fonts/Poppins-Regular.ttf"; sourceTree = "<group>"; fileEncoding = undefined; lastKnownFileType = unknown; explicitFileType = undefined; includeInIndex = 0; };
		BC71F29D913A446F97EE6A80 /* Poppins-SemiBold.ttf */ = {isa = PBXFileReference; name = "Poppins-SemiBold.ttf"; path = "../assets/fonts/Poppins-SemiBold.ttf"; sourceTree = "<group>"; fileEncoding = undefined; lastKnownFileType = unknown; explicitFileType = undefined; includeInIndex = 0; };
		616D49880B4940788D14A985 /* Poppins-SemiBoldItalic.ttf */ = {isa = PBXFileReference; name = "Poppins-SemiBoldItalic.ttf"; path = "../assets/fonts/Poppins-SemiBoldItalic.ttf"; sourceTree = "<group>"; fileEncoding = undefined; lastKnownFileType = unknown; explicitFileType = undefined; includeInIndex = 0; };
		4E0E5D4E673844728EC17B41 /* Poppins-Thin.ttf */ = {isa = PBXFileReference; name = "Poppins-Thin.ttf"; path = "../assets/fonts/Poppins-Thin.ttf"; sourceTree = "<group>"; fileEncoding = undefined; lastKnownFileType = unknown; explicitFileType = undefined; includeInIndex = 0; };
		374E575FB2F6483684E16ACA /* Poppins-ThinItalic.ttf */ = {isa = PBXFileReference; name = "Poppins-ThinItalic.ttf"; path = "../assets/fonts/Poppins-ThinItalic.ttf"; sourceTree = "<group>"; fileEncoding = undefined; lastKnownFileType = unknown; explicitFileType = undefined; includeInIndex = 0; };
		5291762BB54444768EC7DB8A /* Gilroy-Black.ttf */ = {isa = PBXFileReference; name = "Gilroy-Black.ttf"; path = "../assets/fonts/Gilroy-Black.ttf"; sourceTree = "<group>"; fileEncoding = undefined; lastKnownFileType = unknown; explicitFileType = undefined; includeInIndex = 0; };
		FCB547D8E28547CAB27F9C4D /* Gilroy-BlackItalic.ttf */ = {isa = PBXFileReference; name = "Gilroy-BlackItalic.ttf"; path = "../assets/fonts/Gilroy-BlackItalic.ttf"; sourceTree = "<group>"; fileEncoding = undefined; lastKnownFileType = unknown; explicitFileType = undefined; includeInIndex = 0; };
		78C419587EF049F38D9973CF /* Gilroy-Bold.ttf */ = {isa = PBXFileReference; name = "Gilroy-Bold.ttf"; path = "../assets/fonts/Gilroy-Bold.ttf"; sourceTree = "<group>"; fileEncoding = undefined; lastKnownFileType = unknown; explicitFileType = undefined; includeInIndex = 0; };
		D9C832239B774C67895504EB /* Gilroy-BoldItalic.ttf */ = {isa = PBXFileReference; name = "Gilroy-BoldItalic.ttf"; path = "../assets/fonts/Gilroy-BoldItalic.ttf"; sourceTree = "<group>"; fileEncoding = undefined; lastKnownFileType = unknown; explicitFileType = undefined; includeInIndex = 0; };
		633D317356AE48159E8601BD /* Gilroy-ExtraBold.ttf */ = {isa = PBXFileReference; name = "Gilroy-ExtraBold.ttf"; path = "../assets/fonts/Gilroy-ExtraBold.ttf"; sourceTree = "<group>"; fileEncoding = undefined; lastKnownFileType = unknown; explicitFileType = undefined; includeInIndex = 0; };
		6F9D32C6B38E40A9AD173EAB /* Gilroy-ExtraBoldItalic.ttf */ = {isa = PBXFileReference; name = "Gilroy-ExtraBoldItalic.ttf"; path = "../assets/fonts/Gilroy-ExtraBoldItalic.ttf"; sourceTree = "<group>"; fileEncoding = undefined; lastKnownFileType = unknown; explicitFileType = undefined; includeInIndex = 0; };
		E0C978CFE3DA46DD97B29370 /* Gilroy-Heavy.ttf */ = {isa = PBXFileReference; name = "Gilroy-Heavy.ttf"; path = "../assets/fonts/Gilroy-Heavy.ttf"; sourceTree = "<group>"; fileEncoding = undefined; lastKnownFileType = unknown; explicitFileType = undefined; includeInIndex = 0; };
		8836C3B821CD49C7873B1C62 /* Gilroy-HeavyItalic.ttf */ = {isa = PBXFileReference; name = "Gilroy-HeavyItalic.ttf"; path = "../assets/fonts/Gilroy-HeavyItalic.ttf"; sourceTree = "<group>"; fileEncoding = undefined; lastKnownFileType = unknown; explicitFileType = undefined; includeInIndex = 0; };
		7D4494A5D7264A929B0E00E0 /* Gilroy-Light.ttf */ = {isa = PBXFileReference; name = "Gilroy-Light.ttf"; path = "../assets/fonts/Gilroy-Light.ttf"; sourceTree = "<group>"; fileEncoding = undefined; lastKnownFileType = unknown; explicitFileType = undefined; includeInIndex = 0; };
		36C32DD7693945DF9F820ACE /* Gilroy-LightItalic.ttf */ = {isa = PBXFileReference; name = "Gilroy-LightItalic.ttf"; path = "../assets/fonts/Gilroy-LightItalic.ttf"; sourceTree = "<group>"; fileEncoding = undefined; lastKnownFileType = unknown; explicitFileType = undefined; includeInIndex = 0; };
		D6A6B05BCDA041D5B9850A24 /* Gilroy-Medium.ttf */ = {isa = PBXFileReference; name = "Gilroy-Medium.ttf"; path = "../assets/fonts/Gilroy-Medium.ttf"; sourceTree = "<group>"; fileEncoding = undefined; lastKnownFileType = unknown; explicitFileType = undefined; includeInIndex = 0; };
		6179D4314D1B48B6AD3EABCF /* Gilroy-MediumItalic.ttf */ = {isa = PBXFileReference; name = "Gilroy-MediumItalic.ttf"; path = "../assets/fonts/Gilroy-MediumItalic.ttf"; sourceTree = "<group>"; fileEncoding = undefined; lastKnownFileType = unknown; explicitFileType = undefined; includeInIndex = 0; };
		7D7CCF9A3C6246CAB631C67C /* Gilroy-Regular.ttf */ = {isa = PBXFileReference; name = "Gilroy-Regular.ttf"; path = "../assets/fonts/Gilroy-Regular.ttf"; sourceTree = "<group>"; fileEncoding = undefined; lastKnownFileType = unknown; explicitFileType = undefined; includeInIndex = 0; };
		6DAF75B004CB49709000088C /* Gilroy-RegularItalic.ttf */ = {isa = PBXFileReference; name = "Gilroy-RegularItalic.ttf"; path = "../assets/fonts/Gilroy-RegularItalic.ttf"; sourceTree = "<group>"; fileEncoding = undefined; lastKnownFileType = unknown; explicitFileType = undefined; includeInIndex = 0; };
		38BBF266E52C497A831294C2 /* Gilroy-SemiBold.ttf */ = {isa = PBXFileReference; name = "Gilroy-SemiBold.ttf"; path = "../assets/fonts/Gilroy-SemiBold.ttf"; sourceTree = "<group>"; fileEncoding = undefined; lastKnownFileType = unknown; explicitFileType = undefined; includeInIndex = 0; };
		745F223ACAB347AABB5FCAED /* Gilroy-SemiBoldItalic.ttf */ = {isa = PBXFileReference; name = "Gilroy-SemiBoldItalic.ttf"; path = "../assets/fonts/Gilroy-SemiBoldItalic.ttf"; sourceTree = "<group>"; fileEncoding = undefined; lastKnownFileType = unknown; explicitFileType = undefined; includeInIndex = 0; };
		692EC9D331EA476382F24BD0 /* Gilroy-Thin.ttf */ = {isa = PBXFileReference; name = "Gilroy-Thin.ttf"; path = "../assets/fonts/Gilroy-Thin.ttf"; sourceTree = "<group>"; fileEncoding = undefined; lastKnownFileType = unknown; explicitFileType = undefined; includeInIndex = 0; };
		99ADC03577E64BFF81A6A866 /* Gilroy-ThinItalic.ttf */ = {isa = PBXFileReference; name = "Gilroy-ThinItalic.ttf"; path = "../assets/fonts/Gilroy-ThinItalic.ttf"; sourceTree = "<group>"; fileEncoding = undefined; lastKnownFileType = unknown; explicitFileType = undefined; includeInIndex = 0; };
		1052FB95AA244747B3402347 /* Gilroy-UltraLight.ttf */ = {isa = PBXFileReference; name = "Gilroy-UltraLight.ttf"; path = "../assets/fonts/Gilroy-UltraLight.ttf"; sourceTree = "<group>"; fileEncoding = undefined; lastKnownFileType = unknown; explicitFileType = undefined; includeInIndex = 0; };
		8C196A0FBC104A7480E256C5 /* Gilroy-UltraLightItalic.ttf */ = {isa = PBXFileReference; name = "Gilroy-UltraLightItalic.ttf"; path = "../assets/fonts/Gilroy-UltraLightItalic.ttf"; sourceTree = "<group>"; fileEncoding = undefined; lastKnownFileType = unknown; explicitFileType = undefined; includeInIndex = 0; };
		3F68D91AAC384323B7AC9A11 /* Metropolis-Black.otf */ = {isa = PBXFileReference; name = "Metropolis-Black.otf"; path = "../assets/fonts/Metropolis-Black.otf"; sourceTree = "<group>"; fileEncoding = undefined; lastKnownFileType = unknown; explicitFileType = undefined; includeInIndex = 0; };
		EE81D97BBD994B0A93BEDEFA /* Metropolis-BlackItalic.otf */ = {isa = PBXFileReference; name = "Metropolis-BlackItalic.otf"; path = "../assets/fonts/Metropolis-BlackItalic.otf"; sourceTree = "<group>"; fileEncoding = undefined; lastKnownFileType = unknown; explicitFileType = undefined; includeInIndex = 0; };
		231EF1133E55471BBF46AC90 /* Metropolis-Bold.otf */ = {isa = PBXFileReference; name = "Metropolis-Bold.otf"; path = "../assets/fonts/Metropolis-Bold.otf"; sourceTree = "<group>"; fileEncoding = undefined; lastKnownFileType = unknown; explicitFileType = undefined; includeInIndex = 0; };
		38B0F0AD04EC4923BEB4E0E4 /* Metropolis-BoldItalic.otf */ = {isa = PBXFileReference; name = "Metropolis-BoldItalic.otf"; path = "../assets/fonts/Metropolis-BoldItalic.otf"; sourceTree = "<group>"; fileEncoding = undefined; lastKnownFileType = unknown; explicitFileType = undefined; includeInIndex = 0; };
		B07BA97527B44B8F9AF9BC29 /* Metropolis-ExtraBold.otf */ = {isa = PBXFileReference; name = "Metropolis-ExtraBold.otf"; path = "../assets/fonts/Metropolis-ExtraBold.otf"; sourceTree = "<group>"; fileEncoding = undefined; lastKnownFileType = unknown; explicitFileType = undefined; includeInIndex = 0; };
		9FA34C87F83843D890C23B40 /* Metropolis-ExtraBoldItalic.otf */ = {isa = PBXFileReference; name = "Metropolis-ExtraBoldItalic.otf"; path = "../assets/fonts/Metropolis-ExtraBoldItalic.otf"; sourceTree = "<group>"; fileEncoding = undefined; lastKnownFileType = unknown; explicitFileType = undefined; includeInIndex = 0; };
		B8B470811F11406F9BC379A8 /* Metropolis-ExtraLight.otf */ = {isa = PBXFileReference; name = "Metropolis-ExtraLight.otf"; path = "../assets/fonts/Metropolis-ExtraLight.otf"; sourceTree = "<group>"; fileEncoding = undefined; lastKnownFileType = unknown; explicitFileType = undefined; includeInIndex = 0; };
		B3E091791362424C956ADD75 /* Metropolis-ExtraLightItalic.otf */ = {isa = PBXFileReference; name = "Metropolis-ExtraLightItalic.otf"; path = "../assets/fonts/Metropolis-ExtraLightItalic.otf"; sourceTree = "<group>"; fileEncoding = undefined; lastKnownFileType = unknown; explicitFileType = undefined; includeInIndex = 0; };
		14E0E2AA22354CBA8FB49126 /* Metropolis-Light.otf */ = {isa = PBXFileReference; name = "Metropolis-Light.otf"; path = "../assets/fonts/Metropolis-Light.otf"; sourceTree = "<group>"; fileEncoding = undefined; lastKnownFileType = unknown; explicitFileType = undefined; includeInIndex = 0; };
		674FC761E37442999E151D97 /* Metropolis-LightItalic.otf */ = {isa = PBXFileReference; name = "Metropolis-LightItalic.otf"; path = "../assets/fonts/Metropolis-LightItalic.otf"; sourceTree = "<group>"; fileEncoding = undefined; lastKnownFileType = unknown; explicitFileType = undefined; includeInIndex = 0; };
		35A8315A0CAB461F92BD7466 /* Metropolis-Medium.otf */ = {isa = PBXFileReference; name = "Metropolis-Medium.otf"; path = "../assets/fonts/Metropolis-Medium.otf"; sourceTree = "<group>"; fileEncoding = undefined; lastKnownFileType = unknown; explicitFileType = undefined; includeInIndex = 0; };
		7186ACE3EF054CDFB5A83FA9 /* Metropolis-MediumItalic.otf */ = {isa = PBXFileReference; name = "Metropolis-MediumItalic.otf"; path = "../assets/fonts/Metropolis-MediumItalic.otf"; sourceTree = "<group>"; fileEncoding = undefined; lastKnownFileType = unknown; explicitFileType = undefined; includeInIndex = 0; };
		95B1D1954AB74462AB5152E7 /* Metropolis-Regular.otf */ = {isa = PBXFileReference; name = "Metropolis-Regular.otf"; path = "../assets/fonts/Metropolis-Regular.otf"; sourceTree = "<group>"; fileEncoding = undefined; lastKnownFileType = unknown; explicitFileType = undefined; includeInIndex = 0; };
		89E86B2F47D245EEAB0208C0 /* Metropolis-RegularItalic.otf */ = {isa = PBXFileReference; name = "Metropolis-RegularItalic.otf"; path = "../assets/fonts/Metropolis-RegularItalic.otf"; sourceTree = "<group>"; fileEncoding = undefined; lastKnownFileType = unknown; explicitFileType = undefined; includeInIndex = 0; };
		06879E2346A4462E8CD51B5E /* Metropolis-SemiBold.otf */ = {isa = PBXFileReference; name = "Metropolis-SemiBold.otf"; path = "../assets/fonts/Metropolis-SemiBold.otf"; sourceTree = "<group>"; fileEncoding = undefined; lastKnownFileType = unknown; explicitFileType = undefined; includeInIndex = 0; };
		06D3336526784B9097D16ED0 /* Metropolis-SemiBoldItalic.otf */ = {isa = PBXFileReference; name = "Metropolis-SemiBoldItalic.otf"; path = "../assets/fonts/Metropolis-SemiBoldItalic.otf"; sourceTree = "<group>"; fileEncoding = undefined; lastKnownFileType = unknown; explicitFileType = undefined; includeInIndex = 0; };
		08B21DF0E534440790474594 /* Metropolis-Thin.otf */ = {isa = PBXFileReference; name = "Metropolis-Thin.otf"; path = "../assets/fonts/Metropolis-Thin.otf"; sourceTree = "<group>"; fileEncoding = undefined; lastKnownFileType = unknown; explicitFileType = undefined; includeInIndex = 0; };
		18651348E3B847E9B17C4DE0 /* Metropolis-ThinItalic.otf */ = {isa = PBXFileReference; name = "Metropolis-ThinItalic.otf"; path = "../assets/fonts/Metropolis-ThinItalic.otf"; sourceTree = "<group>"; fileEncoding = undefined; lastKnownFileType = unknown; explicitFileType = undefined; includeInIndex = 0; };
		93196205CDAF4E01A2E8CC19 /* Nunito-Black.ttf */ = {isa = PBXFileReference; name = "Nunito-Black.ttf"; path = "../assets/fonts/Nunito-Black.ttf"; sourceTree = "<group>"; fileEncoding = undefined; lastKnownFileType = unknown; explicitFileType = undefined; includeInIndex = 0; };
		7690A7C08C4B4F1B97AFDFE2 /* Nunito-BlackItalic.ttf */ = {isa = PBXFileReference; name = "Nunito-BlackItalic.ttf"; path = "../assets/fonts/Nunito-BlackItalic.ttf"; sourceTree = "<group>"; fileEncoding = undefined; lastKnownFileType = unknown; explicitFileType = undefined; includeInIndex = 0; };
		F4E741927BD5409096AC1A05 /* Nunito-Bold.ttf */ = {isa = PBXFileReference; name = "Nunito-Bold.ttf"; path = "../assets/fonts/Nunito-Bold.ttf"; sourceTree = "<group>"; fileEncoding = undefined; lastKnownFileType = unknown; explicitFileType = undefined; includeInIndex = 0; };
		44A56E8A55FC421C91B7B435 /* Nunito-BoldItalic.ttf */ = {isa = PBXFileReference; name = "Nunito-BoldItalic.ttf"; path = "../assets/fonts/Nunito-BoldItalic.ttf"; sourceTree = "<group>"; fileEncoding = undefined; lastKnownFileType = unknown; explicitFileType = undefined; includeInIndex = 0; };
		34047B89A51D4E8F9AFE821B /* Nunito-ExtraBold.ttf */ = {isa = PBXFileReference; name = "Nunito-ExtraBold.ttf"; path = "../assets/fonts/Nunito-ExtraBold.ttf"; sourceTree = "<group>"; fileEncoding = undefined; lastKnownFileType = unknown; explicitFileType = undefined; includeInIndex = 0; };
		BE9AEEAC4E54491A9708C55E /* Nunito-ExtraBoldItalic.ttf */ = {isa = PBXFileReference; name = "Nunito-ExtraBoldItalic.ttf"; path = "../assets/fonts/Nunito-ExtraBoldItalic.ttf"; sourceTree = "<group>"; fileEncoding = undefined; lastKnownFileType = unknown; explicitFileType = undefined; includeInIndex = 0; };
		C45ACBC51E314F89A3F8A6F6 /* Nunito-ExtraLight.ttf */ = {isa = PBXFileReference; name = "Nunito-ExtraLight.ttf"; path = "../assets/fonts/Nunito-ExtraLight.ttf"; sourceTree = "<group>"; fileEncoding = undefined; lastKnownFileType = unknown; explicitFileType = undefined; includeInIndex = 0; };
		18C707485368457BBF4392B3 /* Nunito-ExtraLightItalic.ttf */ = {isa = PBXFileReference; name = "Nunito-ExtraLightItalic.ttf"; path = "../assets/fonts/Nunito-ExtraLightItalic.ttf"; sourceTree = "<group>"; fileEncoding = undefined; lastKnownFileType = unknown; explicitFileType = undefined; includeInIndex = 0; };
		58A4CB05667045A2A780526A /* Nunito-Italic.ttf */ = {isa = PBXFileReference; name = "Nunito-Italic.ttf"; path = "../assets/fonts/Nunito-Italic.ttf"; sourceTree = "<group>"; fileEncoding = undefined; lastKnownFileType = unknown; explicitFileType = undefined; includeInIndex = 0; };
		1017B9DD605F474590048524 /* Nunito-Light.ttf */ = {isa = PBXFileReference; name = "Nunito-Light.ttf"; path = "../assets/fonts/Nunito-Light.ttf"; sourceTree = "<group>"; fileEncoding = undefined; lastKnownFileType = unknown; explicitFileType = undefined; includeInIndex = 0; };
		7C61BE7D8DC14B88B171F044 /* Nunito-LightItalic.ttf */ = {isa = PBXFileReference; name = "Nunito-LightItalic.ttf"; path = "../assets/fonts/Nunito-LightItalic.ttf"; sourceTree = "<group>"; fileEncoding = undefined; lastKnownFileType = unknown; explicitFileType = undefined; includeInIndex = 0; };
		C193E5D0248E4DA0820824A0 /* Nunito-Medium.ttf */ = {isa = PBXFileReference; name = "Nunito-Medium.ttf"; path = "../assets/fonts/Nunito-Medium.ttf"; sourceTree = "<group>"; fileEncoding = undefined; lastKnownFileType = unknown; explicitFileType = undefined; includeInIndex = 0; };
		010232C6F23E455AA996CCCA /* Nunito-MediumItalic.ttf */ = {isa = PBXFileReference; name = "Nunito-MediumItalic.ttf"; path = "../assets/fonts/Nunito-MediumItalic.ttf"; sourceTree = "<group>"; fileEncoding = undefined; lastKnownFileType = unknown; explicitFileType = undefined; includeInIndex = 0; };
		360304AC4FDC40399E348E97 /* Nunito-Regular.ttf */ = {isa = PBXFileReference; name = "Nunito-Regular.ttf"; path = "../assets/fonts/Nunito-Regular.ttf"; sourceTree = "<group>"; fileEncoding = undefined; lastKnownFileType = unknown; explicitFileType = undefined; includeInIndex = 0; };
		AFF04F048D6D462EA51E8CB5 /* Nunito-SemiBold.ttf */ = {isa = PBXFileReference; name = "Nunito-SemiBold.ttf"; path = "../assets/fonts/Nunito-SemiBold.ttf"; sourceTree = "<group>"; fileEncoding = undefined; lastKnownFileType = unknown; explicitFileType = undefined; includeInIndex = 0; };
		39BBC3C3572F464A935C65CB /* Nunito-SemiBoldItalic.ttf */ = {isa = PBXFileReference; name = "Nunito-SemiBoldItalic.ttf"; path = "../assets/fonts/Nunito-SemiBoldItalic.ttf"; sourceTree = "<group>"; fileEncoding = undefined; lastKnownFileType = unknown; explicitFileType = undefined; includeInIndex = 0; };
/* End PBXFileReference section */

/* Begin PBXFrameworksBuildPhase section */
		00E356EB1AD99517003FC87E /* Frameworks */ = {
			isa = PBXFrameworksBuildPhase;
			buildActionMask = 2147483647;
			files = (
				7699B88040F8A987B510C191 /* libPods-TrainingApp-TrainingAppTests.a in Frameworks */,
			);
			runOnlyForDeploymentPostprocessing = 0;
		};
		13B07F8C1A680F5B00A75B9A /* Frameworks */ = {
			isa = PBXFrameworksBuildPhase;
			buildActionMask = 2147483647;
			files = (
				0C80B921A6F3F58F76C31292 /* libPods-TrainingApp.a in Frameworks */,
			);
			runOnlyForDeploymentPostprocessing = 0;
		};
/* End PBXFrameworksBuildPhase section */

/* Begin PBXGroup section */
		00E356EF1AD99517003FC87E /* TrainingAppTests */ = {
			isa = PBXGroup;
			children = (
				00E356F21AD99517003FC87E /* TrainingAppTests.m */,
				00E356F01AD99517003FC87E /* Supporting Files */,
			);
			path = TrainingAppTests;
			sourceTree = "<group>";
		};
		00E356F01AD99517003FC87E /* Supporting Files */ = {
			isa = PBXGroup;
			children = (
				00E356F11AD99517003FC87E /* Info.plist */,
			);
			name = "Supporting Files";
			sourceTree = "<group>";
		};
		13B07FAE1A68108700A75B9A /* TrainingApp */ = {
			isa = PBXGroup;
			children = (
				13B07FAF1A68108700A75B9A /* AppDelegate.h */,
				13B07FB01A68108700A75B9A /* AppDelegate.mm */,
				13B07FB51A68108700A75B9A /* Images.xcassets */,
				13B07FB61A68108700A75B9A /* Info.plist */,
				81AB9BB72411601600AC10FF /* LaunchScreen.storyboard */,
				13B07FB71A68108700A75B9A /* main.m */,
			);
			name = TrainingApp;
			sourceTree = "<group>";
		};
		2D16E6871FA4F8E400B85C8A /* Frameworks */ = {
			isa = PBXGroup;
			children = (
				ED297162215061F000B7C4FE /* JavaScriptCore.framework */,
				5DCACB8F33CDC322A6C60F78 /* libPods-TrainingApp.a */,
				19F6CBCC0A4E27FBF8BF4A61 /* libPods-TrainingApp-TrainingAppTests.a */,
			);
			name = Frameworks;
			sourceTree = "<group>";
		};
		832341AE1AAA6A7D00B99B32 /* Libraries */ = {
			isa = PBXGroup;
			children = (
			);
			name = Libraries;
			sourceTree = "<group>";
		};
		83CBB9F61A601CBA00E9B192 = {
			isa = PBXGroup;
			children = (
				13B07FAE1A68108700A75B9A /* TrainingApp */,
				832341AE1AAA6A7D00B99B32 /* Libraries */,
				00E356EF1AD99517003FC87E /* TrainingAppTests */,
				83CBBA001A601CBA00E9B192 /* Products */,
				2D16E6871FA4F8E400B85C8A /* Frameworks */,
				BBD78D7AC51CEA395F1C20DB /* Pods */,
				86680C04339143B0998D86E6 /* Resources */,
			);
			indentWidth = 2;
			sourceTree = "<group>";
			tabWidth = 2;
			usesTabs = 0;
		};
		83CBBA001A601CBA00E9B192 /* Products */ = {
			isa = PBXGroup;
			children = (
				13B07F961A680F5B00A75B9A /* TrainingApp.app */,
				00E356EE1AD99517003FC87E /* TrainingAppTests.xctest */,
			);
			name = Products;
			sourceTree = "<group>";
		};
		BBD78D7AC51CEA395F1C20DB /* Pods */ = {
			isa = PBXGroup;
			children = (
				3B4392A12AC88292D35C810B /* Pods-TrainingApp.debug.xcconfig */,
				5709B34CF0A7D63546082F79 /* Pods-TrainingApp.release.xcconfig */,
				5B7EB9410499542E8C5724F5 /* Pods-TrainingApp-TrainingAppTests.debug.xcconfig */,
				89C6BE57DB24E9ADA2F236DE /* Pods-TrainingApp-TrainingAppTests.release.xcconfig */,
			);
			path = Pods;
			sourceTree = "<group>";
		};
		86680C04339143B0998D86E6 /* Resources */ = {
			isa = "PBXGroup";
			children = (
				5D788810CFC847EFB6E6AA63 /* Poppins-Black.ttf */,
				360DEEE6C3304A36B9F8E17F /* Poppins-BlackItalic.ttf */,
				293E93EDD823439D9D588360 /* Poppins-Bold.ttf */,
				9E0DAFD6E2F04EDE8B8CC6E3 /* Poppins-BoldItalic.ttf */,
				6DDD8D8FA02A4253A4F298CE /* Poppins-ExtraBold.ttf */,
				70B458E982E246839FFBF663 /* Poppins-ExtraBoldItalic.ttf */,
				E7657A3381F245E390680C48 /* Poppins-ExtraLight.ttf */,
				80DCC6874CFE44C68C282E55 /* Poppins-ExtraLightItalic.ttf */,
				B5CE755BC8214F62AB585F6F /* Poppins-Italic.ttf */,
				B5E097389584416B8D55525C /* Poppins-Light.ttf */,
				725B65B1D0B449628FB06377 /* Poppins-LightItalic.ttf */,
				6E461F5D675246DE91883D37 /* Poppins-Medium.ttf */,
				4868E9F1CABD4FA382B614CE /* Poppins-MediumItalic.ttf */,
				3A61A4C25D2445E8BE144FC1 /* Poppins-Regular.ttf */,
				BC71F29D913A446F97EE6A80 /* Poppins-SemiBold.ttf */,
				616D49880B4940788D14A985 /* Poppins-SemiBoldItalic.ttf */,
				4E0E5D4E673844728EC17B41 /* Poppins-Thin.ttf */,
				374E575FB2F6483684E16ACA /* Poppins-ThinItalic.ttf */,
				5291762BB54444768EC7DB8A /* Gilroy-Black.ttf */,
				FCB547D8E28547CAB27F9C4D /* Gilroy-BlackItalic.ttf */,
				78C419587EF049F38D9973CF /* Gilroy-Bold.ttf */,
				D9C832239B774C67895504EB /* Gilroy-BoldItalic.ttf */,
				633D317356AE48159E8601BD /* Gilroy-ExtraBold.ttf */,
				6F9D32C6B38E40A9AD173EAB /* Gilroy-ExtraBoldItalic.ttf */,
				E0C978CFE3DA46DD97B29370 /* Gilroy-Heavy.ttf */,
				8836C3B821CD49C7873B1C62 /* Gilroy-HeavyItalic.ttf */,
				7D4494A5D7264A929B0E00E0 /* Gilroy-Light.ttf */,
				36C32DD7693945DF9F820ACE /* Gilroy-LightItalic.ttf */,
				D6A6B05BCDA041D5B9850A24 /* Gilroy-Medium.ttf */,
				6179D4314D1B48B6AD3EABCF /* Gilroy-MediumItalic.ttf */,
				7D7CCF9A3C6246CAB631C67C /* Gilroy-Regular.ttf */,
				6DAF75B004CB49709000088C /* Gilroy-RegularItalic.ttf */,
				38BBF266E52C497A831294C2 /* Gilroy-SemiBold.ttf */,
				745F223ACAB347AABB5FCAED /* Gilroy-SemiBoldItalic.ttf */,
				692EC9D331EA476382F24BD0 /* Gilroy-Thin.ttf */,
				99ADC03577E64BFF81A6A866 /* Gilroy-ThinItalic.ttf */,
				1052FB95AA244747B3402347 /* Gilroy-UltraLight.ttf */,
				8C196A0FBC104A7480E256C5 /* Gilroy-UltraLightItalic.ttf */,
				3F68D91AAC384323B7AC9A11 /* Metropolis-Black.otf */,
				EE81D97BBD994B0A93BEDEFA /* Metropolis-BlackItalic.otf */,
				231EF1133E55471BBF46AC90 /* Metropolis-Bold.otf */,
				38B0F0AD04EC4923BEB4E0E4 /* Metropolis-BoldItalic.otf */,
				B07BA97527B44B8F9AF9BC29 /* Metropolis-ExtraBold.otf */,
				9FA34C87F83843D890C23B40 /* Metropolis-ExtraBoldItalic.otf */,
				B8B470811F11406F9BC379A8 /* Metropolis-ExtraLight.otf */,
				B3E091791362424C956ADD75 /* Metropolis-ExtraLightItalic.otf */,
				14E0E2AA22354CBA8FB49126 /* Metropolis-Light.otf */,
				674FC761E37442999E151D97 /* Metropolis-LightItalic.otf */,
				35A8315A0CAB461F92BD7466 /* Metropolis-Medium.otf */,
				7186ACE3EF054CDFB5A83FA9 /* Metropolis-MediumItalic.otf */,
				95B1D1954AB74462AB5152E7 /* Metropolis-Regular.otf */,
				89E86B2F47D245EEAB0208C0 /* Metropolis-RegularItalic.otf */,
				06879E2346A4462E8CD51B5E /* Metropolis-SemiBold.otf */,
				06D3336526784B9097D16ED0 /* Metropolis-SemiBoldItalic.otf */,
				08B21DF0E534440790474594 /* Metropolis-Thin.otf */,
				18651348E3B847E9B17C4DE0 /* Metropolis-ThinItalic.otf */,
				93196205CDAF4E01A2E8CC19 /* Nunito-Black.ttf */,
				7690A7C08C4B4F1B97AFDFE2 /* Nunito-BlackItalic.ttf */,
				F4E741927BD5409096AC1A05 /* Nunito-Bold.ttf */,
				44A56E8A55FC421C91B7B435 /* Nunito-BoldItalic.ttf */,
				34047B89A51D4E8F9AFE821B /* Nunito-ExtraBold.ttf */,
				BE9AEEAC4E54491A9708C55E /* Nunito-ExtraBoldItalic.ttf */,
				C45ACBC51E314F89A3F8A6F6 /* Nunito-ExtraLight.ttf */,
				18C707485368457BBF4392B3 /* Nunito-ExtraLightItalic.ttf */,
				58A4CB05667045A2A780526A /* Nunito-Italic.ttf */,
				1017B9DD605F474590048524 /* Nunito-Light.ttf */,
				7C61BE7D8DC14B88B171F044 /* Nunito-LightItalic.ttf */,
				C193E5D0248E4DA0820824A0 /* Nunito-Medium.ttf */,
				010232C6F23E455AA996CCCA /* Nunito-MediumItalic.ttf */,
				360304AC4FDC40399E348E97 /* Nunito-Regular.ttf */,
				AFF04F048D6D462EA51E8CB5 /* Nunito-SemiBold.ttf */,
				39BBC3C3572F464A935C65CB /* Nunito-SemiBoldItalic.ttf */,
			);
			name = Resources;
			sourceTree = "<group>";
			path = "";
		};
/* End PBXGroup section */

/* Begin PBXNativeTarget section */
		00E356ED1AD99517003FC87E /* TrainingAppTests */ = {
			isa = PBXNativeTarget;
			buildConfigurationList = 00E357021AD99517003FC87E /* Build configuration list for PBXNativeTarget "TrainingAppTests" */;
			buildPhases = (
				A55EABD7B0C7F3A422A6CC61 /* [CP] Check Pods Manifest.lock */,
				00E356EA1AD99517003FC87E /* Sources */,
				00E356EB1AD99517003FC87E /* Frameworks */,
				00E356EC1AD99517003FC87E /* Resources */,
				C59DA0FBD6956966B86A3779 /* [CP] Embed Pods Frameworks */,
				F6A41C54EA430FDDC6A6ED99 /* [CP] Copy Pods Resources */,
			);
			buildRules = (
			);
			dependencies = (
				00E356F51AD99517003FC87E /* PBXTargetDependency */,
			);
			name = TrainingAppTests;
			productName = TrainingAppTests;
			productReference = 00E356EE1AD99517003FC87E /* TrainingAppTests.xctest */;
			productType = "com.apple.product-type.bundle.unit-test";
		};
		13B07F861A680F5B00A75B9A /* TrainingApp */ = {
			isa = PBXNativeTarget;
			buildConfigurationList = 13B07F931A680F5B00A75B9A /* Build configuration list for PBXNativeTarget "TrainingApp" */;
			buildPhases = (
				C38B50BA6285516D6DCD4F65 /* [CP] Check Pods Manifest.lock */,
				FD10A7F022414F080027D42C /* Start Packager */,
				13B07F871A680F5B00A75B9A /* Sources */,
				13B07F8C1A680F5B00A75B9A /* Frameworks */,
				13B07F8E1A680F5B00A75B9A /* Resources */,
				00DD1BFF1BD5951E006B06BC /* Bundle React Native code and images */,
				00EEFC60759A1932668264C0 /* [CP] Embed Pods Frameworks */,
				E235C05ADACE081382539298 /* [CP] Copy Pods Resources */,
			);
			buildRules = (
			);
			dependencies = (
			);
			name = TrainingApp;
			productName = TrainingApp;
			productReference = 13B07F961A680F5B00A75B9A /* TrainingApp.app */;
			productType = "com.apple.product-type.application";
		};
/* End PBXNativeTarget section */

/* Begin PBXProject section */
		83CBB9F71A601CBA00E9B192 /* Project object */ = {
			isa = PBXProject;
			attributes = {
				LastUpgradeCheck = 1210;
				TargetAttributes = {
					00E356ED1AD99517003FC87E = {
						CreatedOnToolsVersion = 6.2;
						TestTargetID = 13B07F861A680F5B00A75B9A;
					};
					13B07F861A680F5B00A75B9A = {
						LastSwiftMigration = 1120;
					};
				};
			};
			buildConfigurationList = 83CBB9FA1A601CBA00E9B192 /* Build configuration list for PBXProject "TrainingApp" */;
			compatibilityVersion = "Xcode 12.0";
			developmentRegion = en;
			hasScannedForEncodings = 0;
			knownRegions = (
				en,
				Base,
			);
			mainGroup = 83CBB9F61A601CBA00E9B192;
			productRefGroup = 83CBBA001A601CBA00E9B192 /* Products */;
			projectDirPath = "";
			projectRoot = "";
			targets = (
				13B07F861A680F5B00A75B9A /* TrainingApp */,
				00E356ED1AD99517003FC87E /* TrainingAppTests */,
			);
		};
/* End PBXProject section */

/* Begin PBXResourcesBuildPhase section */
		00E356EC1AD99517003FC87E /* Resources */ = {
			isa = PBXResourcesBuildPhase;
			buildActionMask = 2147483647;
			files = (
			);
			runOnlyForDeploymentPostprocessing = 0;
		};
		13B07F8E1A680F5B00A75B9A /* Resources */ = {
			isa = PBXResourcesBuildPhase;
			buildActionMask = 2147483647;
			files = (
				81AB9BB82411601600AC10FF /* LaunchScreen.storyboard in Resources */,
				13B07FBF1A68108700A75B9A /* Images.xcassets in Resources */,
				DF5D797B9DAD4A399717B32E /* Poppins-Black.ttf in Resources */,
				A4D989296E2D441DBED802B7 /* Poppins-BlackItalic.ttf in Resources */,
				5A577243CE3944ECA5B6BA34 /* Poppins-Bold.ttf in Resources */,
				15D4F7FEF156493CA4474120 /* Poppins-BoldItalic.ttf in Resources */,
				41AE86B9DFB14F22A0AF8A8F /* Poppins-ExtraBold.ttf in Resources */,
				F5BE9E71F41E4EFE8EB15148 /* Poppins-ExtraBoldItalic.ttf in Resources */,
				794E6EDE131F4711BA6EE0B8 /* Poppins-ExtraLight.ttf in Resources */,
				85D37ECC67A04CBCBEDB8D21 /* Poppins-ExtraLightItalic.ttf in Resources */,
				CC68116648A945C6B132A844 /* Poppins-Italic.ttf in Resources */,
				F367A24882174D62804A28E6 /* Poppins-Light.ttf in Resources */,
				8DDE0901A5FC4B68AAB9646D /* Poppins-LightItalic.ttf in Resources */,
				CCB9009C06924C4E9271A9A4 /* Poppins-Medium.ttf in Resources */,
				05C4F0FA90434C15B8110DFE /* Poppins-MediumItalic.ttf in Resources */,
				2E22C3F96EAC4E2DA3C83521 /* Poppins-Regular.ttf in Resources */,
				798878D132E44ADFAE84C530 /* Poppins-SemiBold.ttf in Resources */,
				0016612FC08149CF8050E509 /* Poppins-SemiBoldItalic.ttf in Resources */,
				47A293726B664FFEBC8CF659 /* Poppins-Thin.ttf in Resources */,
				D503E015CE62448DB26DFEF3 /* Poppins-ThinItalic.ttf in Resources */,
				F8D7AB63CD5A4C65BAC429C6 /* Gilroy-Black.ttf in Resources */,
				D806FFD004194C83A1719748 /* Gilroy-BlackItalic.ttf in Resources */,
				C99CD1A979D04A609FDC26B4 /* Gilroy-Bold.ttf in Resources */,
				102CABF46B124F03A9670714 /* Gilroy-BoldItalic.ttf in Resources */,
				E522DD89E9B649A48BE565BD /* Gilroy-ExtraBold.ttf in Resources */,
				63E362B2F8E04D9CBC67D657 /* Gilroy-ExtraBoldItalic.ttf in Resources */,
				62B73BECFF654B23AEBDA48D /* Gilroy-Heavy.ttf in Resources */,
				D7A0A6A902FB402FBE777FB4 /* Gilroy-HeavyItalic.ttf in Resources */,
				E1A2F8D863F548ECAEAC6BA8 /* Gilroy-Light.ttf in Resources */,
				45F0B97ED8F24B33A86FEF85 /* Gilroy-LightItalic.ttf in Resources */,
				53B40A40A8874C99B0203A32 /* Gilroy-Medium.ttf in Resources */,
				A40DB855C2A443298E2A90AC /* Gilroy-MediumItalic.ttf in Resources */,
				80483F4987AE4B659DF590BC /* Gilroy-Regular.ttf in Resources */,
				5D5E2288741149EFB8E43DCC /* Gilroy-RegularItalic.ttf in Resources */,
				74E07314CE1D439C8CB87F06 /* Gilroy-SemiBold.ttf in Resources */,
				C2C8BE6101B74B8D84DEDF95 /* Gilroy-SemiBoldItalic.ttf in Resources */,
				C26E6490A65543D992F57879 /* Gilroy-Thin.ttf in Resources */,
				83CEF721EC4B44EEA1890195 /* Gilroy-ThinItalic.ttf in Resources */,
				AEC5DB0E2806425CB16E348C /* Gilroy-UltraLight.ttf in Resources */,
				9628DFE7CA1B477A84F705AC /* Gilroy-UltraLightItalic.ttf in Resources */,
				D11F5A6B684A4BF8801FE1F4 /* Metropolis-Black.otf in Resources */,
				6664FF3866F24AE1BBFF939D /* Metropolis-BlackItalic.otf in Resources */,
				53A244037A074C5086BCFD47 /* Metropolis-Bold.otf in Resources */,
				348188DE10574921B9ABFCF5 /* Metropolis-BoldItalic.otf in Resources */,
				8B0B9E58BB2441C4BD2CA2F1 /* Metropolis-ExtraBold.otf in Resources */,
				809D027AC458403291C16FA1 /* Metropolis-ExtraBoldItalic.otf in Resources */,
				F0472BDF164C47EC9545F60F /* Metropolis-ExtraLight.otf in Resources */,
				EA1C75C888A84640810F38E6 /* Metropolis-ExtraLightItalic.otf in Resources */,
				FA83C2BE503744938F2C6AC1 /* Metropolis-Light.otf in Resources */,
				31306E8333C349FCBB50C7DF /* Metropolis-LightItalic.otf in Resources */,
				39390EB4E52E4A96BE0C4E4B /* Metropolis-Medium.otf in Resources */,
				0C3426B8E3974411B2DF7944 /* Metropolis-MediumItalic.otf in Resources */,
				9EE099FBD98F4C88B390655C /* Metropolis-Regular.otf in Resources */,
				B80CBB045AF94E4BB05C3E0D /* Metropolis-RegularItalic.otf in Resources */,
				31B5503D524445B182E02B97 /* Metropolis-SemiBold.otf in Resources */,
				1E19102EC96B4C1490507510 /* Metropolis-SemiBoldItalic.otf in Resources */,
				187B24DD80C34024BA884A03 /* Metropolis-Thin.otf in Resources */,
				CE431710BA7C4106B7ACA5B3 /* Metropolis-ThinItalic.otf in Resources */,
				0CEF5C4DEB704604B4ACFEC0 /* Nunito-Black.ttf in Resources */,
				ED9127D0ED3C409E9A6F4D35 /* Nunito-BlackItalic.ttf in Resources */,
				E090AE8F9DB9430499C03DC6 /* Nunito-Bold.ttf in Resources */,
				034ED143341E48E6A50017B5 /* Nunito-BoldItalic.ttf in Resources */,
				C47C5559140C44D0A2FAB07A /* Nunito-ExtraBold.ttf in Resources */,
				EE2688306B4A4592B9270E5C /* Nunito-ExtraBoldItalic.ttf in Resources */,
				1A39752C3E8342C6A155DFB2 /* Nunito-ExtraLight.ttf in Resources */,
				5302A4E7D33441B297F21568 /* Nunito-ExtraLightItalic.ttf in Resources */,
				6F1D0C5753404FADAAAC43AF /* Nunito-Italic.ttf in Resources */,
				9CE88B32437D41EC9B55356E /* Nunito-Light.ttf in Resources */,
				EC62CD16AE8E479A8E52FC6B /* Nunito-LightItalic.ttf in Resources */,
				3785DD8135084127AC87BEE6 /* Nunito-Medium.ttf in Resources */,
				1893994951EC4AFDAC2E422A /* Nunito-MediumItalic.ttf in Resources */,
				B56D03AD6A544D75AFF05A50 /* Nunito-Regular.ttf in Resources */,
				0D47ACC8A9AC451A8DD629D7 /* Nunito-SemiBold.ttf in Resources */,
				5DCC6A48CECE434C8DBC4F9E /* Nunito-SemiBoldItalic.ttf in Resources */,
			);
			runOnlyForDeploymentPostprocessing = 0;
		};
/* End PBXResourcesBuildPhase section */

/* Begin PBXShellScriptBuildPhase section */
		00DD1BFF1BD5951E006B06BC /* Bundle React Native code and images */ = {
			isa = PBXShellScriptBuildPhase;
			buildActionMask = 2147483647;
			files = (
			);
			inputPaths = (
				"$(SRCROOT)/.xcode.env.local",
				"$(SRCROOT)/.xcode.env",
			);
			name = "Bundle React Native code and images";
			outputPaths = (
			);
			runOnlyForDeploymentPostprocessing = 0;
			shellPath = /bin/sh;
			shellScript = "set -e\n\nWITH_ENVIRONMENT=\"../node_modules/react-native/scripts/xcode/with-environment.sh\"\nREACT_NATIVE_XCODE=\"../node_modules/react-native/scripts/react-native-xcode.sh\"\n\n/bin/sh -c \"$WITH_ENVIRONMENT $REACT_NATIVE_XCODE\"\n";
		};
		00EEFC60759A1932668264C0 /* [CP] Embed Pods Frameworks */ = {
			isa = PBXShellScriptBuildPhase;
			buildActionMask = 2147483647;
			files = (
			);
			inputFileListPaths = (
				"${PODS_ROOT}/Target Support Files/Pods-TrainingApp/Pods-TrainingApp-frameworks-${CONFIGURATION}-input-files.xcfilelist",
			);
			name = "[CP] Embed Pods Frameworks";
			outputFileListPaths = (
				"${PODS_ROOT}/Target Support Files/Pods-TrainingApp/Pods-TrainingApp-frameworks-${CONFIGURATION}-output-files.xcfilelist",
			);
			runOnlyForDeploymentPostprocessing = 0;
			shellPath = /bin/sh;
			shellScript = "\"${PODS_ROOT}/Target Support Files/Pods-TrainingApp/Pods-TrainingApp-frameworks.sh\"\n";
			showEnvVarsInLog = 0;
		};
		A55EABD7B0C7F3A422A6CC61 /* [CP] Check Pods Manifest.lock */ = {
			isa = PBXShellScriptBuildPhase;
			buildActionMask = 2147483647;
			files = (
			);
			inputFileListPaths = (
			);
			inputPaths = (
				"${PODS_PODFILE_DIR_PATH}/Podfile.lock",
				"${PODS_ROOT}/Manifest.lock",
			);
			name = "[CP] Check Pods Manifest.lock";
			outputFileListPaths = (
			);
			outputPaths = (
				"$(DERIVED_FILE_DIR)/Pods-TrainingApp-TrainingAppTests-checkManifestLockResult.txt",
			);
			runOnlyForDeploymentPostprocessing = 0;
			shellPath = /bin/sh;
			shellScript = "diff \"${PODS_PODFILE_DIR_PATH}/Podfile.lock\" \"${PODS_ROOT}/Manifest.lock\" > /dev/null\nif [ $? != 0 ] ; then\n    # print error to STDERR\n    echo \"error: The sandbox is not in sync with the Podfile.lock. Run 'pod install' or update your CocoaPods installation.\" >&2\n    exit 1\nfi\n# This output is used by Xcode 'outputs' to avoid re-running this script phase.\necho \"SUCCESS\" > \"${SCRIPT_OUTPUT_FILE_0}\"\n";
			showEnvVarsInLog = 0;
		};
		C38B50BA6285516D6DCD4F65 /* [CP] Check Pods Manifest.lock */ = {
			isa = PBXShellScriptBuildPhase;
			buildActionMask = 2147483647;
			files = (
			);
			inputFileListPaths = (
			);
			inputPaths = (
				"${PODS_PODFILE_DIR_PATH}/Podfile.lock",
				"${PODS_ROOT}/Manifest.lock",
			);
			name = "[CP] Check Pods Manifest.lock";
			outputFileListPaths = (
			);
			outputPaths = (
				"$(DERIVED_FILE_DIR)/Pods-TrainingApp-checkManifestLockResult.txt",
			);
			runOnlyForDeploymentPostprocessing = 0;
			shellPath = /bin/sh;
			shellScript = "diff \"${PODS_PODFILE_DIR_PATH}/Podfile.lock\" \"${PODS_ROOT}/Manifest.lock\" > /dev/null\nif [ $? != 0 ] ; then\n    # print error to STDERR\n    echo \"error: The sandbox is not in sync with the Podfile.lock. Run 'pod install' or update your CocoaPods installation.\" >&2\n    exit 1\nfi\n# This output is used by Xcode 'outputs' to avoid re-running this script phase.\necho \"SUCCESS\" > \"${SCRIPT_OUTPUT_FILE_0}\"\n";
			showEnvVarsInLog = 0;
		};
		C59DA0FBD6956966B86A3779 /* [CP] Embed Pods Frameworks */ = {
			isa = PBXShellScriptBuildPhase;
			buildActionMask = 2147483647;
			files = (
			);
			inputFileListPaths = (
				"${PODS_ROOT}/Target Support Files/Pods-TrainingApp-TrainingAppTests/Pods-TrainingApp-TrainingAppTests-frameworks-${CONFIGURATION}-input-files.xcfilelist",
			);
			name = "[CP] Embed Pods Frameworks";
			outputFileListPaths = (
				"${PODS_ROOT}/Target Support Files/Pods-TrainingApp-TrainingAppTests/Pods-TrainingApp-TrainingAppTests-frameworks-${CONFIGURATION}-output-files.xcfilelist",
			);
			runOnlyForDeploymentPostprocessing = 0;
			shellPath = /bin/sh;
			shellScript = "\"${PODS_ROOT}/Target Support Files/Pods-TrainingApp-TrainingAppTests/Pods-TrainingApp-TrainingAppTests-frameworks.sh\"\n";
			showEnvVarsInLog = 0;
		};
		E235C05ADACE081382539298 /* [CP] Copy Pods Resources */ = {
			isa = PBXShellScriptBuildPhase;
			buildActionMask = 2147483647;
			files = (
			);
			inputFileListPaths = (
				"${PODS_ROOT}/Target Support Files/Pods-TrainingApp/Pods-TrainingApp-resources-${CONFIGURATION}-input-files.xcfilelist",
			);
			name = "[CP] Copy Pods Resources";
			outputFileListPaths = (
				"${PODS_ROOT}/Target Support Files/Pods-TrainingApp/Pods-TrainingApp-resources-${CONFIGURATION}-output-files.xcfilelist",
			);
			runOnlyForDeploymentPostprocessing = 0;
			shellPath = /bin/sh;
			shellScript = "\"${PODS_ROOT}/Target Support Files/Pods-TrainingApp/Pods-TrainingApp-resources.sh\"\n";
			showEnvVarsInLog = 0;
		};
		F6A41C54EA430FDDC6A6ED99 /* [CP] Copy Pods Resources */ = {
			isa = PBXShellScriptBuildPhase;
			buildActionMask = 2147483647;
			files = (
			);
			inputFileListPaths = (
				"${PODS_ROOT}/Target Support Files/Pods-TrainingApp-TrainingAppTests/Pods-TrainingApp-TrainingAppTests-resources-${CONFIGURATION}-input-files.xcfilelist",
			);
			name = "[CP] Copy Pods Resources";
			outputFileListPaths = (
				"${PODS_ROOT}/Target Support Files/Pods-TrainingApp-TrainingAppTests/Pods-TrainingApp-TrainingAppTests-resources-${CONFIGURATION}-output-files.xcfilelist",
			);
			runOnlyForDeploymentPostprocessing = 0;
			shellPath = /bin/sh;
			shellScript = "\"${PODS_ROOT}/Target Support Files/Pods-TrainingApp-TrainingAppTests/Pods-TrainingApp-TrainingAppTests-resources.sh\"\n";
			showEnvVarsInLog = 0;
		};
		FD10A7F022414F080027D42C /* Start Packager */ = {
			isa = PBXShellScriptBuildPhase;
			buildActionMask = 2147483647;
			files = (
			);
			inputFileListPaths = (
			);
			inputPaths = (
			);
			name = "Start Packager";
			outputFileListPaths = (
			);
			outputPaths = (
			);
			runOnlyForDeploymentPostprocessing = 0;
			shellPath = /bin/sh;
			shellScript = "export RCT_METRO_PORT=\"${RCT_METRO_PORT:=8082}\"\necho \"export RCT_METRO_PORT=${RCT_METRO_PORT}\" > \"${SRCROOT}/../node_modules/react-native/scripts/.packager.env\"\nif [ -z \"${RCT_NO_LAUNCH_PACKAGER+xxx}\" ] ; then\n  if nc -w 5 -z localhost ${RCT_METRO_PORT} ; then\n    if ! curl -s \"http://localhost:${RCT_METRO_PORT}/status\" | grep -q \"packager-status:running\" ; then\n      echo \"Port ${RCT_METRO_PORT} already in use, packager is either not running or not running correctly\"\n      exit 2\n    fi\n  else\n    open \"$SRCROOT/../node_modules/react-native/scripts/launchPackager.command\" || echo \"Can't start packager automatically\"\n  fi\nfi\n";
			showEnvVarsInLog = 0;
		};
/* End PBXShellScriptBuildPhase section */

/* Begin PBXSourcesBuildPhase section */
		00E356EA1AD99517003FC87E /* Sources */ = {
			isa = PBXSourcesBuildPhase;
			buildActionMask = 2147483647;
			files = (
				00E356F31AD99517003FC87E /* TrainingAppTests.m in Sources */,
			);
			runOnlyForDeploymentPostprocessing = 0;
		};
		13B07F871A680F5B00A75B9A /* Sources */ = {
			isa = PBXSourcesBuildPhase;
			buildActionMask = 2147483647;
			files = (
				13B07FBC1A68108700A75B9A /* AppDelegate.mm in Sources */,
				13B07FC11A68108700A75B9A /* main.m in Sources */,
			);
			runOnlyForDeploymentPostprocessing = 0;
		};
/* End PBXSourcesBuildPhase section */

/* Begin PBXTargetDependency section */
		00E356F51AD99517003FC87E /* PBXTargetDependency */ = {
			isa = PBXTargetDependency;
			target = 13B07F861A680F5B00A75B9A /* TrainingApp */;
			targetProxy = 00E356F41AD99517003FC87E /* PBXContainerItemProxy */;
		};
/* End PBXTargetDependency section */

/* Begin XCBuildConfiguration section */
		00E356F61AD99517003FC87E /* Debug */ = {
			isa = XCBuildConfiguration;
			baseConfigurationReference = 5B7EB9410499542E8C5724F5 /* Pods-TrainingApp-TrainingAppTests.debug.xcconfig */;
			buildSettings = {
				BUNDLE_LOADER = "$(TEST_HOST)";
				GCC_PREPROCESSOR_DEFINITIONS = (
					"DEBUG=1",
					"$(inherited)",
				);
				INFOPLIST_FILE = TrainingAppTests/Info.plist;
				IPHONEOS_DEPLOYMENT_TARGET = 12.4;
				LD_RUNPATH_SEARCH_PATHS = (
					"$(inherited)",
					"@executable_path/Frameworks",
					"@loader_path/Frameworks",
				);
				OTHER_LDFLAGS = (
					"-ObjC",
					"-lc++",
					"$(inherited)",
				);
				PRODUCT_BUNDLE_IDENTIFIER = "org.reactjs.native.example.$(PRODUCT_NAME:rfc1034identifier)";
				PRODUCT_NAME = "$(TARGET_NAME)";
				TEST_HOST = "$(BUILT_PRODUCTS_DIR)/TrainingApp.app/TrainingApp";
			};
			name = Debug;
		};
		00E356F71AD99517003FC87E /* Release */ = {
			isa = XCBuildConfiguration;
			baseConfigurationReference = 89C6BE57DB24E9ADA2F236DE /* Pods-TrainingApp-TrainingAppTests.release.xcconfig */;
			buildSettings = {
				BUNDLE_LOADER = "$(TEST_HOST)";
				COPY_PHASE_STRIP = NO;
				INFOPLIST_FILE = TrainingAppTests/Info.plist;
				IPHONEOS_DEPLOYMENT_TARGET = 12.4;
				LD_RUNPATH_SEARCH_PATHS = (
					"$(inherited)",
					"@executable_path/Frameworks",
					"@loader_path/Frameworks",
				);
				OTHER_LDFLAGS = (
					"-ObjC",
					"-lc++",
					"$(inherited)",
				);
				PRODUCT_BUNDLE_IDENTIFIER = "org.reactjs.native.example.$(PRODUCT_NAME:rfc1034identifier)";
				PRODUCT_NAME = "$(TARGET_NAME)";
				TEST_HOST = "$(BUILT_PRODUCTS_DIR)/TrainingApp.app/TrainingApp";
			};
			name = Release;
		};
		13B07F941A680F5B00A75B9A /* Debug */ = {
			isa = XCBuildConfiguration;
			baseConfigurationReference = 3B4392A12AC88292D35C810B /* Pods-TrainingApp.debug.xcconfig */;
			buildSettings = {
				ASSETCATALOG_COMPILER_APPICON_NAME = AppIcon;
				CLANG_ENABLE_MODULES = YES;
				CURRENT_PROJECT_VERSION = 1;
				ENABLE_BITCODE = NO;
				INFOPLIST_FILE = TrainingApp/Info.plist;
				LD_RUNPATH_SEARCH_PATHS = (
					"$(inherited)",
					"@executable_path/Frameworks",
				);
				MARKETING_VERSION = 1.0;
				OTHER_LDFLAGS = (
					"$(inherited)",
					"-ObjC",
					"-lc++",
				);
				PRODUCT_BUNDLE_IDENTIFIER = "org.reactjs.native.example.$(PRODUCT_NAME:rfc1034identifier)";
				PRODUCT_NAME = TrainingApp;
				SWIFT_OPTIMIZATION_LEVEL = "-Onone";
				SWIFT_VERSION = 5.0;
				VERSIONING_SYSTEM = "apple-generic";
			};
			name = Debug;
		};
		13B07F951A680F5B00A75B9A /* Release */ = {
			isa = XCBuildConfiguration;
			baseConfigurationReference = 5709B34CF0A7D63546082F79 /* Pods-TrainingApp.release.xcconfig */;
			buildSettings = {
				ASSETCATALOG_COMPILER_APPICON_NAME = AppIcon;
				CLANG_ENABLE_MODULES = YES;
				CURRENT_PROJECT_VERSION = 1;
				INFOPLIST_FILE = TrainingApp/Info.plist;
				LD_RUNPATH_SEARCH_PATHS = (
					"$(inherited)",
					"@executable_path/Frameworks",
				);
				MARKETING_VERSION = 1.0;
				OTHER_LDFLAGS = (
					"$(inherited)",
					"-ObjC",
					"-lc++",
				);
				PRODUCT_BUNDLE_IDENTIFIER = "org.reactjs.native.example.$(PRODUCT_NAME:rfc1034identifier)";
				PRODUCT_NAME = TrainingApp;
				SWIFT_VERSION = 5.0;
				VERSIONING_SYSTEM = "apple-generic";
			};
			name = Release;
		};
		83CBBA201A601CBA00E9B192 /* Debug */ = {
			isa = XCBuildConfiguration;
			buildSettings = {
				ALWAYS_SEARCH_USER_PATHS = NO;
				CLANG_ANALYZER_LOCALIZABILITY_NONLOCALIZED = YES;
				CLANG_CXX_LANGUAGE_STANDARD = "c++17";
				CLANG_CXX_LIBRARY = "libc++";
				CLANG_ENABLE_MODULES = YES;
				CLANG_ENABLE_OBJC_ARC = YES;
				CLANG_WARN_BLOCK_CAPTURE_AUTORELEASING = YES;
				CLANG_WARN_BOOL_CONVERSION = YES;
				CLANG_WARN_COMMA = YES;
				CLANG_WARN_CONSTANT_CONVERSION = YES;
				CLANG_WARN_DEPRECATED_OBJC_IMPLEMENTATIONS = YES;
				CLANG_WARN_DIRECT_OBJC_ISA_USAGE = YES_ERROR;
				CLANG_WARN_EMPTY_BODY = YES;
				CLANG_WARN_ENUM_CONVERSION = YES;
				CLANG_WARN_INFINITE_RECURSION = YES;
				CLANG_WARN_INT_CONVERSION = YES;
				CLANG_WARN_NON_LITERAL_NULL_CONVERSION = YES;
				CLANG_WARN_OBJC_IMPLICIT_RETAIN_SELF = YES;
				CLANG_WARN_OBJC_LITERAL_CONVERSION = YES;
				CLANG_WARN_OBJC_ROOT_CLASS = YES_ERROR;
				CLANG_WARN_QUOTED_INCLUDE_IN_FRAMEWORK_HEADER = YES;
				CLANG_WARN_RANGE_LOOP_ANALYSIS = YES;
				CLANG_WARN_STRICT_PROTOTYPES = YES;
				CLANG_WARN_SUSPICIOUS_MOVE = YES;
				CLANG_WARN_UNREACHABLE_CODE = YES;
				CLANG_WARN__DUPLICATE_METHOD_MATCH = YES;
				"CODE_SIGN_IDENTITY[sdk=iphoneos*]" = "iPhone Developer";
				COPY_PHASE_STRIP = NO;
				ENABLE_STRICT_OBJC_MSGSEND = YES;
				ENABLE_TESTABILITY = YES;
				"EXCLUDED_ARCHS[sdk=iphonesimulator*]" = "";
				GCC_C_LANGUAGE_STANDARD = gnu99;
				GCC_DYNAMIC_NO_PIC = NO;
				GCC_NO_COMMON_BLOCKS = YES;
				GCC_OPTIMIZATION_LEVEL = 0;
				GCC_PREPROCESSOR_DEFINITIONS = (
					"DEBUG=1",
					"$(inherited)",
				);
				GCC_SYMBOLS_PRIVATE_EXTERN = NO;
				GCC_WARN_64_TO_32_BIT_CONVERSION = YES;
				GCC_WARN_ABOUT_RETURN_TYPE = YES_ERROR;
				GCC_WARN_UNDECLARED_SELECTOR = YES;
				GCC_WARN_UNINITIALIZED_AUTOS = YES_AGGRESSIVE;
				GCC_WARN_UNUSED_FUNCTION = YES;
				GCC_WARN_UNUSED_VARIABLE = YES;
				IPHONEOS_DEPLOYMENT_TARGET = 12.4;
				LD_RUNPATH_SEARCH_PATHS = (
					/usr/lib/swift,
					"$(inherited)",
				);
				LIBRARY_SEARCH_PATHS = (
					"\"$(SDKROOT)/usr/lib/swift\"",
					"\"$(TOOLCHAIN_DIR)/usr/lib/swift/$(PLATFORM_NAME)\"",
					"\"$(inherited)\"",
				);
				MTL_ENABLE_DEBUG_INFO = YES;
				ONLY_ACTIVE_ARCH = YES;
				OTHER_CPLUSPLUSFLAGS = (
					"$(OTHER_CFLAGS)",
					"-DFOLLY_NO_CONFIG",
					"-DFOLLY_MOBILE=1",
					"-DFOLLY_USE_LIBCPP=1",
				);
				SDKROOT = iphoneos;
			};
			name = Debug;
		};
		83CBBA211A601CBA00E9B192 /* Release */ = {
			isa = XCBuildConfiguration;
			buildSettings = {
				ALWAYS_SEARCH_USER_PATHS = NO;
				CLANG_ANALYZER_LOCALIZABILITY_NONLOCALIZED = YES;
				CLANG_CXX_LANGUAGE_STANDARD = "c++17";
				CLANG_CXX_LIBRARY = "libc++";
				CLANG_ENABLE_MODULES = YES;
				CLANG_ENABLE_OBJC_ARC = YES;
				CLANG_WARN_BLOCK_CAPTURE_AUTORELEASING = YES;
				CLANG_WARN_BOOL_CONVERSION = YES;
				CLANG_WARN_COMMA = YES;
				CLANG_WARN_CONSTANT_CONVERSION = YES;
				CLANG_WARN_DEPRECATED_OBJC_IMPLEMENTATIONS = YES;
				CLANG_WARN_DIRECT_OBJC_ISA_USAGE = YES_ERROR;
				CLANG_WARN_EMPTY_BODY = YES;
				CLANG_WARN_ENUM_CONVERSION = YES;
				CLANG_WARN_INFINITE_RECURSION = YES;
				CLANG_WARN_INT_CONVERSION = YES;
				CLANG_WARN_NON_LITERAL_NULL_CONVERSION = YES;
				CLANG_WARN_OBJC_IMPLICIT_RETAIN_SELF = YES;
				CLANG_WARN_OBJC_LITERAL_CONVERSION = YES;
				CLANG_WARN_OBJC_ROOT_CLASS = YES_ERROR;
				CLANG_WARN_QUOTED_INCLUDE_IN_FRAMEWORK_HEADER = YES;
				CLANG_WARN_RANGE_LOOP_ANALYSIS = YES;
				CLANG_WARN_STRICT_PROTOTYPES = YES;
				CLANG_WARN_SUSPICIOUS_MOVE = YES;
				CLANG_WARN_UNREACHABLE_CODE = YES;
				CLANG_WARN__DUPLICATE_METHOD_MATCH = YES;
				"CODE_SIGN_IDENTITY[sdk=iphoneos*]" = "iPhone Developer";
				COPY_PHASE_STRIP = YES;
				ENABLE_NS_ASSERTIONS = NO;
				ENABLE_STRICT_OBJC_MSGSEND = YES;
				"EXCLUDED_ARCHS[sdk=iphonesimulator*]" = "";
				GCC_C_LANGUAGE_STANDARD = gnu99;
				GCC_NO_COMMON_BLOCKS = YES;
				GCC_WARN_64_TO_32_BIT_CONVERSION = YES;
				GCC_WARN_ABOUT_RETURN_TYPE = YES_ERROR;
				GCC_WARN_UNDECLARED_SELECTOR = YES;
				GCC_WARN_UNINITIALIZED_AUTOS = YES_AGGRESSIVE;
				GCC_WARN_UNUSED_FUNCTION = YES;
				GCC_WARN_UNUSED_VARIABLE = YES;
				IPHONEOS_DEPLOYMENT_TARGET = 12.4;
				LD_RUNPATH_SEARCH_PATHS = (
					/usr/lib/swift,
					"$(inherited)",
				);
				LIBRARY_SEARCH_PATHS = (
					"\"$(SDKROOT)/usr/lib/swift\"",
					"\"$(TOOLCHAIN_DIR)/usr/lib/swift/$(PLATFORM_NAME)\"",
					"\"$(inherited)\"",
				);
				MTL_ENABLE_DEBUG_INFO = NO;
				OTHER_CPLUSPLUSFLAGS = (
					"$(OTHER_CFLAGS)",
					"-DFOLLY_NO_CONFIG",
					"-DFOLLY_MOBILE=1",
					"-DFOLLY_USE_LIBCPP=1",
				);
				SDKROOT = iphoneos;
				VALIDATE_PRODUCT = YES;
			};
			name = Release;
		};
/* End XCBuildConfiguration section */

/* Begin XCConfigurationList section */
		00E357021AD99517003FC87E /* Build configuration list for PBXNativeTarget "TrainingAppTests" */ = {
			isa = XCConfigurationList;
			buildConfigurations = (
				00E356F61AD99517003FC87E /* Debug */,
				00E356F71AD99517003FC87E /* Release */,
			);
			defaultConfigurationIsVisible = 0;
			defaultConfigurationName = Release;
		};
		13B07F931A680F5B00A75B9A /* Build configuration list for PBXNativeTarget "TrainingApp" */ = {
			isa = XCConfigurationList;
			buildConfigurations = (
				13B07F941A680F5B00A75B9A /* Debug */,
				13B07F951A680F5B00A75B9A /* Release */,
			);
			defaultConfigurationIsVisible = 0;
			defaultConfigurationName = Release;
		};
		83CBB9FA1A601CBA00E9B192 /* Build configuration list for PBXProject "TrainingApp" */ = {
			isa = XCConfigurationList;
			buildConfigurations = (
				83CBBA201A601CBA00E9B192 /* Debug */,
				83CBBA211A601CBA00E9B192 /* Release */,
			);
			defaultConfigurationIsVisible = 0;
			defaultConfigurationName = Release;
		};
/* End XCConfigurationList section */
	};
	rootObject = 83CBB9F71A601CBA00E9B192 /* Project object */;
}
